
Microsoft Visual Studio Solution File, Format Version 12.00
# Visual Studio 15
Project("{FAE04EC0-301F-11D3-BF4B-00C04F79EFBC}") = "AzureTestApp", "AzureTestApp\AzureTestApp.csproj", "{40A53A2C-1756-4641-B694-2F3A357B83BC}"
EndProject
Global
	GlobalSection(SolutionConfigurationPlatforms) = preSolution
		Debug|Any CPU = Debug|Any CPU
		Release|Any CPU = Release|Any CPU
	EndGlobalSection
	GlobalSection(ProjectConfigurationPlatforms) = postSolution
		{40A53A2C-1756-4641-B694-2F3A357B83BC}.Debug|Any CPU.ActiveCfg = Debug|Any CPU
		{40A53A2C-1756-4641-B694-2F3A357B83BC}.Debug|Any CPU.Build.0 = Debug|Any CPU
		{40A53A2C-1756-4641-B694-2F3A357B83BC}.Release|Any CPU.ActiveCfg = Release|Any CPU
		{40A53A2C-1756-4641-B694-2F3A357B83BC}.Release|Any CPU.Build.0 = Release|Any CPU
	EndGlobalSection
EndGlobal
